
Microsoft Visual Studio Solution File, Format Version 12.00
# Visual Studio Version 17
VisualStudioVersion = 17.0.31903.59
MinimumVisualStudioVersion = 10.0.40219.1
Project("{2150E333-8FDC-42A3-9474-1A3956D46DE8}") = "Src", "Src", "{827E0CD3-B72D-47B6-A68D-7590B98EB39B}"
EndProject
Project("{FAE04EC0-301F-11D3-BF4B-00C04F79EFBC}") = "Core", "Src\Core\Core.csproj", "{FE620301-FC3B-47AC-AA87-C715F542FCFC}"
EndProject
Project("{FAE04EC0-301F-11D3-BF4B-00C04F79EFBC}") = "Infrastructure", "Src\Infrastructure\Infrastructure.csproj", "{80E3B746-3F91-424F-A420-461698742D5E}"
EndProject
Project("{FAE04EC0-301F-11D3-BF4B-00C04F79EFBC}") = "Application", "Src\Application\Application.csproj", "{2C4F35E6-2E37-489D-B7F8-1EA9AFF5A859}"
EndProject
Project("{FAE04EC0-301F-11D3-BF4B-00C04F79EFBC}") = "Presentation", "Src\Presentation\Presentation.csproj", "{7A646DBD-EC69-406C-BC05-BB2A68F80A92}"
EndProject
Project("{FAE04EC0-301F-11D3-BF4B-00C04F79EFBC}") = "Shared", "Src\Shared\Shared.csproj", "{8E9FC0BC-A398-4326-B1A4-6BB84EBC07D4}"
EndProject
Project("{2150E333-8FDC-42A3-9474-1A3956D46DE8}") = "Tests", "Tests", "{0AB3BF05-4346-4AA6-1389-037BE0695223}"
EndProject
Project("{FAE04EC0-301F-11D3-BF4B-00C04F79EFBC}") = "Units", "Tests\Units\Units.csproj", "{D935AA44-399E-4A33-A9DB-284B9BAE049A}"
EndProject
Project("{FAE04EC0-301F-11D3-BF4B-00C04F79EFBC}") = "Integration", "Tests\Integration\Integration.csproj", "{93B0BF9E-B19D-41A4-AD32-7CEA5337AF6B}"
EndProject
Project("{FAE04EC0-301F-11D3-BF4B-00C04F79EFBC}") = "Api", "Tests\Api\Api.csproj", "{9047BD0F-2BE4-4D13-B27E-7296CACA1718}"
EndProject
Global
	GlobalSection(SolutionConfigurationPlatforms) = preSolution
		Debug|Any CPU = Debug|Any CPU
		Debug|x64 = Debug|x64
		Debug|x86 = Debug|x86
		Release|Any CPU = Release|Any CPU
		Release|x64 = Release|x64
		Release|x86 = Release|x86
	EndGlobalSection
	GlobalSection(ProjectConfigurationPlatforms) = postSolution
		{FE620301-FC3B-47AC-AA87-C715F542FCFC}.Debug|Any CPU.ActiveCfg = Debug|Any CPU
		{FE620301-FC3B-47AC-AA87-C715F542FCFC}.Debug|Any CPU.Build.0 = Debug|Any CPU
		{FE620301-FC3B-47AC-AA87-C715F542FCFC}.Debug|x64.ActiveCfg = Debug|Any CPU
		{FE620301-FC3B-47AC-AA87-C715F542FCFC}.Debug|x64.Build.0 = Debug|Any CPU
		{FE620301-FC3B-47AC-AA87-C715F542FCFC}.Debug|x86.ActiveCfg = Debug|Any CPU
		{FE620301-FC3B-47AC-AA87-C715F542FCFC}.Debug|x86.Build.0 = Debug|Any CPU
		{FE620301-FC3B-47AC-AA87-C715F542FCFC}.Release|Any CPU.ActiveCfg = Release|Any CPU
		{FE620301-FC3B-47AC-AA87-C715F542FCFC}.Release|Any CPU.Build.0 = Release|Any CPU
		{FE620301-FC3B-47AC-AA87-C715F542FCFC}.Release|x64.ActiveCfg = Release|Any CPU
		{FE620301-FC3B-47AC-AA87-C715F542FCFC}.Release|x64.Build.0 = Release|Any CPU
		{FE620301-FC3B-47AC-AA87-C715F542FCFC}.Release|x86.ActiveCfg = Release|Any CPU
		{FE620301-FC3B-47AC-AA87-C715F542FCFC}.Release|x86.Build.0 = Release|Any CPU
		{80E3B746-3F91-424F-A420-461698742D5E}.Debug|Any CPU.ActiveCfg = Debug|Any CPU
		{80E3B746-3F91-424F-A420-461698742D5E}.Debug|Any CPU.Build.0 = Debug|Any CPU
		{80E3B746-3F91-424F-A420-461698742D5E}.Debug|x64.ActiveCfg = Debug|Any CPU
		{80E3B746-3F91-424F-A420-461698742D5E}.Debug|x64.Build.0 = Debug|Any CPU
		{80E3B746-3F91-424F-A420-461698742D5E}.Debug|x86.ActiveCfg = Debug|Any CPU
		{80E3B746-3F91-424F-A420-461698742D5E}.Debug|x86.Build.0 = Debug|Any CPU
		{80E3B746-3F91-424F-A420-461698742D5E}.Release|Any CPU.ActiveCfg = Release|Any CPU
		{80E3B746-3F91-424F-A420-461698742D5E}.Release|Any CPU.Build.0 = Release|Any CPU
		{80E3B746-3F91-424F-A420-461698742D5E}.Release|x64.ActiveCfg = Release|Any CPU
		{80E3B746-3F91-424F-A420-461698742D5E}.Release|x64.Build.0 = Release|Any CPU
		{80E3B746-3F91-424F-A420-461698742D5E}.Release|x86.ActiveCfg = Release|Any CPU
		{80E3B746-3F91-424F-A420-461698742D5E}.Release|x86.Build.0 = Release|Any CPU
		{2C4F35E6-2E37-489D-B7F8-1EA9AFF5A859}.Debug|Any CPU.ActiveCfg = Debug|Any CPU
		{2C4F35E6-2E37-489D-B7F8-1EA9AFF5A859}.Debug|Any CPU.Build.0 = Debug|Any CPU
		{2C4F35E6-2E37-489D-B7F8-1EA9AFF5A859}.Debug|x64.ActiveCfg = Debug|Any CPU
		{2C4F35E6-2E37-489D-B7F8-1EA9AFF5A859}.Debug|x64.Build.0 = Debug|Any CPU
		{2C4F35E6-2E37-489D-B7F8-1EA9AFF5A859}.Debug|x86.ActiveCfg = Debug|Any CPU
		{2C4F35E6-2E37-489D-B7F8-1EA9AFF5A859}.Debug|x86.Build.0 = Debug|Any CPU
		{2C4F35E6-2E37-489D-B7F8-1EA9AFF5A859}.Release|Any CPU.ActiveCfg = Release|Any CPU
		{2C4F35E6-2E37-489D-B7F8-1EA9AFF5A859}.Release|Any CPU.Build.0 = Release|Any CPU
		{2C4F35E6-2E37-489D-B7F8-1EA9AFF5A859}.Release|x64.ActiveCfg = Release|Any CPU
		{2C4F35E6-2E37-489D-B7F8-1EA9AFF5A859}.Release|x64.Build.0 = Release|Any CPU
		{2C4F35E6-2E37-489D-B7F8-1EA9AFF5A859}.Release|x86.ActiveCfg = Release|Any CPU
		{2C4F35E6-2E37-489D-B7F8-1EA9AFF5A859}.Release|x86.Build.0 = Release|Any CPU
		{7A646DBD-EC69-406C-BC05-BB2A68F80A92}.Debug|Any CPU.ActiveCfg = Debug|Any CPU
		{7A646DBD-EC69-406C-BC05-BB2A68F80A92}.Debug|Any CPU.Build.0 = Debug|Any CPU
		{7A646DBD-EC69-406C-BC05-BB2A68F80A92}.Debug|x64.ActiveCfg = Debug|Any CPU
		{7A646DBD-EC69-406C-BC05-BB2A68F80A92}.Debug|x64.Build.0 = Debug|Any CPU
		{7A646DBD-EC69-406C-BC05-BB2A68F80A92}.Debug|x86.ActiveCfg = Debug|Any CPU
		{7A646DBD-EC69-406C-BC05-BB2A68F80A92}.Debug|x86.Build.0 = Debug|Any CPU
		{7A646DBD-EC69-406C-BC05-BB2A68F80A92}.Release|Any CPU.ActiveCfg = Release|Any CPU
		{7A646DBD-EC69-406C-BC05-BB2A68F80A92}.Release|Any CPU.Build.0 = Release|Any CPU
		{7A646DBD-EC69-406C-BC05-BB2A68F80A92}.Release|x64.ActiveCfg = Release|Any CPU
		{7A646DBD-EC69-406C-BC05-BB2A68F80A92}.Release|x64.Build.0 = Release|Any CPU
		{7A646DBD-EC69-406C-BC05-BB2A68F80A92}.Release|x86.ActiveCfg = Release|Any CPU
		{7A646DBD-EC69-406C-BC05-BB2A68F80A92}.Release|x86.Build.0 = Release|Any CPU
		{8E9FC0BC-A398-4326-B1A4-6BB84EBC07D4}.Debug|Any CPU.ActiveCfg = Debug|Any CPU
		{8E9FC0BC-A398-4326-B1A4-6BB84EBC07D4}.Debug|Any CPU.Build.0 = Debug|Any CPU
		{8E9FC0BC-A398-4326-B1A4-6BB84EBC07D4}.Debug|x64.ActiveCfg = Debug|Any CPU
		{8E9FC0BC-A398-4326-B1A4-6BB84EBC07D4}.Debug|x64.Build.0 = Debug|Any CPU
		{8E9FC0BC-A398-4326-B1A4-6BB84EBC07D4}.Debug|x86.ActiveCfg = Debug|Any CPU
		{8E9FC0BC-A398-4326-B1A4-6BB84EBC07D4}.Debug|x86.Build.0 = Debug|Any CPU
		{8E9FC0BC-A398-4326-B1A4-6BB84EBC07D4}.Release|Any CPU.ActiveCfg = Release|Any CPU
		{8E9FC0BC-A398-4326-B1A4-6BB84EBC07D4}.Release|Any CPU.Build.0 = Release|Any CPU
		{8E9FC0BC-A398-4326-B1A4-6BB84EBC07D4}.Release|x64.ActiveCfg = Release|Any CPU
		{8E9FC0BC-A398-4326-B1A4-6BB84EBC07D4}.Release|x64.Build.0 = Release|Any CPU
		{8E9FC0BC-A398-4326-B1A4-6BB84EBC07D4}.Release|x86.ActiveCfg = Release|Any CPU
		{8E9FC0BC-A398-4326-B1A4-6BB84EBC07D4}.Release|x86.Build.0 = Release|Any CPU
		{D935AA44-399E-4A33-A9DB-284B9BAE049A}.Debug|Any CPU.ActiveCfg = Debug|Any CPU
		{D935AA44-399E-4A33-A9DB-284B9BAE049A}.Debug|Any CPU.Build.0 = Debug|Any CPU
		{D935AA44-399E-4A33-A9DB-284B9BAE049A}.Debug|x64.ActiveCfg = Debug|Any CPU
		{D935AA44-399E-4A33-A9DB-284B9BAE049A}.Debug|x64.Build.0 = Debug|Any CPU
		{D935AA44-399E-4A33-A9DB-284B9BAE049A}.Debug|x86.ActiveCfg = Debug|Any CPU
		{D935AA44-399E-4A33-A9DB-284B9BAE049A}.Debug|x86.Build.0 = Debug|Any CPU
		{D935AA44-399E-4A33-A9DB-284B9BAE049A}.Release|Any CPU.ActiveCfg = Release|Any CPU
		{D935AA44-399E-4A33-A9DB-284B9BAE049A}.Release|Any CPU.Build.0 = Release|Any CPU
		{D935AA44-399E-4A33-A9DB-284B9BAE049A}.Release|x64.ActiveCfg = Release|Any CPU
		{D935AA44-399E-4A33-A9DB-284B9BAE049A}.Release|x64.Build.0 = Release|Any CPU
		{D935AA44-399E-4A33-A9DB-284B9BAE049A}.Release|x86.ActiveCfg = Release|Any CPU
		{D935AA44-399E-4A33-A9DB-284B9BAE049A}.Release|x86.Build.0 = Release|Any CPU
		{93B0BF9E-B19D-41A4-AD32-7CEA5337AF6B}.Debug|Any CPU.ActiveCfg = Debug|Any CPU
		{93B0BF9E-B19D-41A4-AD32-7CEA5337AF6B}.Debug|Any CPU.Build.0 = Debug|Any CPU
		{93B0BF9E-B19D-41A4-AD32-7CEA5337AF6B}.Debug|x64.ActiveCfg = Debug|Any CPU
		{93B0BF9E-B19D-41A4-AD32-7CEA5337AF6B}.Debug|x64.Build.0 = Debug|Any CPU
		{93B0BF9E-B19D-41A4-AD32-7CEA5337AF6B}.Debug|x86.ActiveCfg = Debug|Any CPU
		{93B0BF9E-B19D-41A4-AD32-7CEA5337AF6B}.Debug|x86.Build.0 = Debug|Any CPU
		{93B0BF9E-B19D-41A4-AD32-7CEA5337AF6B}.Release|Any CPU.ActiveCfg = Release|Any CPU
		{93B0BF9E-B19D-41A4-AD32-7CEA5337AF6B}.Release|Any CPU.Build.0 = Release|Any CPU
		{93B0BF9E-B19D-41A4-AD32-7CEA5337AF6B}.Release|x64.ActiveCfg = Release|Any CPU
		{93B0BF9E-B19D-41A4-AD32-7CEA5337AF6B}.Release|x64.Build.0 = Release|Any CPU
		{93B0BF9E-B19D-41A4-AD32-7CEA5337AF6B}.Release|x86.ActiveCfg = Release|Any CPU
		{93B0BF9E-B19D-41A4-AD32-7CEA5337AF6B}.Release|x86.Build.0 = Release|Any CPU
		{9047BD0F-2BE4-4D13-B27E-7296CACA1718}.Debug|Any CPU.ActiveCfg = Debug|Any CPU
		{9047BD0F-2BE4-4D13-B27E-7296CACA1718}.Debug|Any CPU.Build.0 = Debug|Any CPU
		{9047BD0F-2BE4-4D13-B27E-7296CACA1718}.Debug|x64.ActiveCfg = Debug|Any CPU
		{9047BD0F-2BE4-4D13-B27E-7296CACA1718}.Debug|x64.Build.0 = Debug|Any CPU
		{9047BD0F-2BE4-4D13-B27E-7296CACA1718}.Debug|x86.ActiveCfg = Debug|Any CPU
		{9047BD0F-2BE4-4D13-B27E-7296CACA1718}.Debug|x86.Build.0 = Debug|Any CPU
		{9047BD0F-2BE4-4D13-B27E-7296CACA1718}.Release|Any CPU.ActiveCfg = Release|Any CPU
		{9047BD0F-2BE4-4D13-B27E-7296CACA1718}.Release|Any CPU.Build.0 = Release|Any CPU
		{9047BD0F-2BE4-4D13-B27E-7296CACA1718}.Release|x64.ActiveCfg = Release|Any CPU
		{9047BD0F-2BE4-4D13-B27E-7296CACA1718}.Release|x64.Build.0 = Release|Any CPU
		{9047BD0F-2BE4-4D13-B27E-7296CACA1718}.Release|x86.ActiveCfg = Release|Any CPU
		{9047BD0F-2BE4-4D13-B27E-7296CACA1718}.Release|x86.Build.0 = Release|Any CPU
	EndGlobalSection
	GlobalSection(SolutionProperties) = preSolution
		HideSolutionNode = FALSE
	EndGlobalSection
	GlobalSection(NestedProjects) = preSolution
		{FE620301-FC3B-47AC-AA87-C715F542FCFC} = {827E0CD3-B72D-47B6-A68D-7590B98EB39B}
		{80E3B746-3F91-424F-A420-461698742D5E} = {827E0CD3-B72D-47B6-A68D-7590B98EB39B}
		{2C4F35E6-2E37-489D-B7F8-1EA9AFF5A859} = {827E0CD3-B72D-47B6-A68D-7590B98EB39B}
		{7A646DBD-EC69-406C-BC05-BB2A68F80A92} = {827E0CD3-B72D-47B6-A68D-7590B98EB39B}
		{8E9FC0BC-A398-4326-B1A4-6BB84EBC07D4} = {827E0CD3-B72D-47B6-A68D-7590B98EB39B}
		{D935AA44-399E-4A33-A9DB-284B9BAE049A} = {0AB3BF05-4346-4AA6-1389-037BE0695223}
		{93B0BF9E-B19D-41A4-AD32-7CEA5337AF6B} = {0AB3BF05-4346-4AA6-1389-037BE0695223}
		{9047BD0F-2BE4-4D13-B27E-7296CACA1718} = {0AB3BF05-4346-4AA6-1389-037BE0695223}
	EndGlobalSection
EndGlobal
